dependencies:
- name: postgresql
  repository: https://charts.bitnami.com/bitnami
  version: 12.2.3
- name: kafka
  repository: https://charts.bitnami.com/bitnami
  version: 21.4.0
- name: common
  repository: https://charts.bitnami.com/bitnami
  version: 2.2.4
digest: sha256:0cf7efb9828822a9753a48c9bd9f27ff923489a47e7d82745905c398534cf56d
generated: "2023-03-14T12:31:47.179748185Z"
