dependencies:
- name: postgresql
  repository: https://charts.bitnami.com/bitnami
  version: 15.5.38
- name: common
  repository: https://charts.bitnami.com/bitnami
  version: 2.27.0
- name: keycloak
  repository: https://charts.bitnami.com/bitnami
  version: 24.6.6
- name: sqnc-node
  repository: https://digicatapult.github.io/helm-charts/
  version: 7.1.16
- name: sqnc-identity-service
  repository: https://digicatapult.github.io/helm-charts/
  version: 5.1.23
- name: sqnc-attachment-api
  repository: https://digicatapult.github.io/helm-charts/
  version: 3.0.12
digest: sha256:90ddb3fa6d9ea01a69d5c66f54853f957ce74c3022797062b8dd157deac4193c
generated: "2025-05-10T00:32:26.057230178Z"
