dependencies:
- name: postgresql
  repository: https://charts.bitnami.com/bitnami
  version: 15.5.38
- name: common
  repository: https://charts.bitnami.com/bitnami
  version: 2.31.3
- name: keycloak
  repository: https://charts.bitnami.com/bitnami
  version: 24.9.0
- name: sqnc-node
  repository: https://digicatapult.github.io/helm-charts/
  version: 7.2.1
- name: sqnc-identity-service
  repository: https://digicatapult.github.io/helm-charts/
  version: 5.1.160
- name: sqnc-attachment-api
  repository: https://digicatapult.github.io/helm-charts/
  version: 3.2.24
digest: sha256:6e32d795a7308dc26a86d45b7e5ddf8e296605143ba3e4487a05c22d4a8210bd
generated: "2026-05-06T03:17:33.050122107Z"
