dependencies:
- name: postgresql
  repository: https://charts.bitnami.com/bitnami
  version: 15.5.38
- name: common
  repository: https://charts.bitnami.com/bitnami
  version: 2.31.3
- name: keycloak
  repository: https://charts.bitnami.com/bitnami
  version: 24.9.0
- name: sqnc-node
  repository: https://digicatapult.github.io/helm-charts/
  version: 7.2.1
- name: sqnc-identity-service
  repository: https://digicatapult.github.io/helm-charts/
  version: 5.1.154
- name: sqnc-attachment-api
  repository: https://digicatapult.github.io/helm-charts/
  version: 3.2.16
digest: sha256:e55c80c7b7cca8730e3fa470c681114a4667cbd07773bd1d7584f3ca85dd5f99
generated: "2026-04-13T00:53:39.26764814Z"
