dependencies:
- name: postgresql
  repository: https://charts.bitnami.com/bitnami
  version: 15.5.38
- name: common
  repository: https://charts.bitnami.com/bitnami
  version: 2.23.0
digest: sha256:e2d9fb3715e8cb857d390456c90892966cbf6254482bb205da67d5b5dc98e9d6
generated: "2024-10-02T12:13:39.563897+01:00"
