dependencies:
- name: cluster
  repository: https://cloudnative-pg.github.io/charts
  version: 0.8.1
- name: common
  repository: https://charts.bitnami.com/bitnami
  version: 2.24.0
digest: sha256:bf740a33d61de4a58cc703fa14b63916ef08c6a3ecdfc241470ce5b795d7a3ab
generated: "2026-07-20T20:35:23.845009822Z"
