dependencies:
- name: postgresql
  repository: https://charts.bitnami.com/bitnami
  version: 16.0.0
- name: common
  repository: https://charts.bitnami.com/bitnami
  version: 2.24.0
digest: sha256:28d29bb12645ea4843f40fa85b23c06096a192ad36ebc9cc91c1571bfeee59ef
generated: "2024-10-03T07:23:22.624032355Z"
