dependencies:
- name: postgresql
  repository: https://charts.bitnami.com/bitnami
  version: 16.1.2
- name: common
  repository: https://charts.bitnami.com/bitnami
  version: 2.27.0
digest: sha256:262d75531cf4f34f9a3b8554b74ee192576d7bd444d7cc0511296dd1684b9de1
generated: "2024-11-07T19:07:22.24414783Z"
