dependencies:
- name: postgresql
  repository: https://charts.bitnami.com/bitnami
  version: 16.4.13
- name: common
  repository: https://charts.bitnami.com/bitnami
  version: 2.27.0
digest: sha256:3acbb789db837216c125a06b1c5bbb7852179f0d704e9f20284633fa56301444
generated: "2025-02-21T18:14:30.884194505Z"
