dependencies:
- name: postgresql
  repository: https://charts.bitnami.com/bitnami
  version: 12.2.2
- name: kafka
  repository: https://charts.bitnami.com/bitnami
  version: 21.3.0
- name: common
  repository: https://charts.bitnami.com/bitnami
  version: 2.2.4
digest: sha256:a7803aeea25aaa48c0b17761e9882647e3c409723bad8507f4e77e9e40a5281a
generated: "2023-03-08T13:49:14.116854566Z"
