dependencies:
- name: postgresql
  repository: https://charts.bitnami.com/bitnami
  version: 16.0.0
- name: common
  repository: https://charts.bitnami.com/bitnami
  version: 2.24.0
- name: sqnc-node
  repository: https://digicatapult.github.io/helm-charts/
  version: 7.0.1
digest: sha256:09025f0080603b4a0c32c91112c6f171330366a7ecc1149eed70084f3cabc4a5
generated: "2024-10-03T10:17:02.48485672Z"
