dependencies:
- name: postgresql
  repository: https://charts.bitnami.com/bitnami
  version: 15.5.38
- name: common
  repository: https://charts.bitnami.com/bitnami
  version: 2.31.3
- name: sqnc-node
  repository: https://digicatapult.github.io/helm-charts/
  version: 7.1.20
digest: sha256:a85f0c21efe32774793bf601c60bdc282b9e901457c6221a84de6227fa0e6faf
generated: "2026-02-10T19:34:30.132126761Z"
