dependencies:
- name: postgresql
  repository: https://charts.bitnami.com/bitnami
  version: 15.5.38
- name: common
  repository: https://charts.bitnami.com/bitnami
  version: 2.31.3
- name: sqnc-node
  repository: https://digicatapult.github.io/helm-charts/
  version: 7.2.0
digest: sha256:3dbe8feda71cc9fa860462a5fe46bbb8879ecf9615345e71ed43b3a288f85625
generated: "2025-08-22T00:33:47.99264881Z"
