dependencies:
- name: nginx
  repository: https://charts.bitnami.com/bitnami
  version: 21.0.0
- name: nginx
  repository: https://charts.bitnami.com/bitnami
  version: 21.0.0
- name: common
  repository: https://charts.bitnami.com/bitnami
  version: 2.31.3
digest: sha256:a0aac5c01ae2f880ad522e9f81bdbbb2b6d6c324cbd1aaca82767bbd5ee4a8f6
generated: "2025-06-26T18:11:38.729427703Z"
