dependencies:
- name: nginx
  repository: https://charts.bitnami.com/bitnami
  version: 21.0.6
- name: nginx
  repository: https://charts.bitnami.com/bitnami
  version: 21.0.6
- name: common
  repository: https://charts.bitnami.com/bitnami
  version: 2.31.3
digest: sha256:8a98655c77d8f85e5d07ee27bd42b3ec8a07e65bd1aec392155d0bb37198d253
generated: "2025-07-12T02:45:44.657186568Z"
