dependencies:
- name: nginx
  repository: https://charts.bitnami.com/bitnami
  version: 21.1.1
- name: nginx
  repository: https://charts.bitnami.com/bitnami
  version: 21.1.1
- name: common
  repository: https://charts.bitnami.com/bitnami
  version: 2.31.3
digest: sha256:0a7f390d8a785de9dd38d6e442ec82b17ff26a89817ced1e9994a23a70c844ee
generated: "2025-08-06T03:41:20.376153187Z"
