dependencies:
- name: postgresql
  repository: https://charts.bitnami.com/bitnami
  version: 16.7.8
- name: common
  repository: https://charts.bitnami.com/bitnami
  version: 2.31.1
- name: keycloak
  repository: https://charts.bitnami.com/bitnami
  version: 24.7.3
- name: sqnc-node
  repository: https://digicatapult.github.io/helm-charts/
  version: 7.1.19
- name: sqnc-identity-service
  repository: https://digicatapult.github.io/helm-charts/
  version: 5.1.43
- name: sqnc-ipfs
  repository: https://digicatapult.github.io/helm-charts/
  version: 4.0.51
- name: minio
  repository: oci://registry-1.docker.io/bitnamicharts
  version: 16.0.10
- name: azurite
  repository: https://viters.github.io/azurite-helm-chart/
  version: 2.0.0
digest: sha256:da39c6af02821ac4b6468571fb1eab1dd0a9c179be6a4481a9eb154ba6005c17
generated: "2025-06-03T13:18:00.760515+01:00"
