dependencies:
- name: postgresql
  repository: https://charts.bitnami.com/bitnami
  version: 16.7.15
- name: common
  repository: https://charts.bitnami.com/bitnami
  version: 2.31.3
- name: veritable-cloudagent
  repository: https://digicatapult.github.io/helm-charts
  version: 2.4.6
digest: sha256:bac2fdad12c59c5c04bdd2aa02c7d5fe669bb9ce4cb9028619a7bc154153bb1a
generated: "2025-07-02T18:16:00.737295213Z"
