dependencies:
- name: cluster
  repository: https://cloudnative-pg.github.io/charts
  version: 0.3.1
- name: postgresql
  repository: https://charts.bitnami.com/bitnami
  version: 16.6.3
- name: common
  repository: https://charts.bitnami.com/bitnami
  version: 2.31.4
- name: veritable-cloudagent
  repository: https://digicatapult.github.io/helm-charts
  version: 2.4.53
digest: sha256:b214d3b98eba219654db268a4947f44c173f35347c4fad2cfa140f44ac931969
generated: "2025-10-06T09:29:43.101949+01:00"
