dependencies:
- name: postgresql
  repository: https://charts.bitnami.com/bitnami
  version: 16.7.4
- name: common
  repository: https://charts.bitnami.com/bitnami
  version: 2.31.1
- name: veritable-cloudagent
  repository: https://digicatapult.github.io/helm-charts
  version: 2.3.84
digest: sha256:680306bcfc5d8c4ff1e9d99a3669c17932367d2b716052852623f79c5beb7385
generated: "2025-05-14T22:08:42.04580617Z"
