dependencies:
- name: kafka
  repository: https://charts.bitnami.com/bitnami
  version: 21.3.0
- name: common
  repository: https://charts.bitnami.com/bitnami
  version: 2.2.4
digest: sha256:445129a60c1727717fec3d2aea0f880d72764f0b58fd2d98e9a621d5d8b794b2
generated: "2023-03-08T13:38:12.085187445Z"
