dependencies:
- name: kafka
  repository: https://charts.bitnami.com/bitnami
  version: 22.1.2
- name: common
  repository: https://charts.bitnami.com/bitnami
  version: 2.3.0
digest: sha256:08f814489ed1828f71225d600933dfeaebffb00613e4354565f92e8a60713deb
generated: "2023-05-17T12:35:05.879057822Z"
