dependencies:
- name: kafka
  repository: https://charts.bitnami.com/bitnami
  version: 21.4.0
- name: common
  repository: https://charts.bitnami.com/bitnami
  version: 2.2.4
digest: sha256:75d67baba58402be4a5993984c1c735ee2c0f469bd31cf0a4aaaf4f5bc2e325a
generated: "2023-03-14T12:30:06.202907497Z"
